// !$*UTF8*$!
{
	archiveVersion = 1;
	classes = {
	};
	objectVersion = 55;
	objects = {

/* Begin PBXBuildFile section */
		433AC1EE27FE745100C617E7 /* StoryContentPreview.swift in Sources */ = {isa = PBXBuildFile; fileRef = 433AC1E927FE745100C617E7 /* StoryContentPreview.swift */; };
		433AC1EF27FE745100C617E7 /* Profile.swift in Sources */ = {isa = PBXBuildFile; fileRef = 433AC1EA27FE745100C617E7 /* Profile.swift */; };
		433AC1F027FE745100C617E7 /* StoryPreview.swift in Sources */ = {isa = PBXBuildFile; fileRef = 433AC1EB27FE745100C617E7 /* StoryPreview.swift */; };
		433AC1F127FE745100C617E7 /* Feed.swift in Sources */ = {isa = PBXBuildFile; fileRef = 433AC1EC27FE745100C617E7 /* Feed.swift */; };
		433AC1F227FE745100C617E7 /* Separator.swift in Sources */ = {isa = PBXBuildFile; fileRef = 433AC1ED27FE745100C617E7 /* Separator.swift */; };
		433AC1F927FE746800C617E7 /* Header.swift in Sources */ = {isa = PBXBuildFile; fileRef = 433AC1F427FE746800C617E7 /* Header.swift */; };
		433AC1FA27FE746800C617E7 /* Tab.swift in Sources */ = {isa = PBXBuildFile; fileRef = 433AC1F527FE746800C617E7 /* Tab.swift */; };
		433AC1FB27FE746800C617E7 /* Mypage.swift in Sources */ = {isa = PBXBuildFile; fileRef = 433AC1F627FE746800C617E7 /* Mypage.swift */; };
		433AC1FC27FE746800C617E7 /* ContentView.swift in Sources */ = {isa = PBXBuildFile; fileRef = 433AC1F727FE746800C617E7 /* ContentView.swift */; };
		433AC1FD27FE746800C617E7 /* SoomshimUIApp.swift in Sources */ = {isa = PBXBuildFile; fileRef = 433AC1F827FE746800C617E7 /* SoomshimUIApp.swift */; };
		433AC20327FE74A700C617E7 /* Color.swift in Sources */ = {isa = PBXBuildFile; fileRef = 433AC20227FE74A700C617E7 /* Color.swift */; };
		437394BE2803AEB00058B53C /* FriendsListView.swift in Sources */ = {isa = PBXBuildFile; fileRef = 437394BD2803AEB00058B53C /* FriendsListView.swift */; };
		437394C52803AEDB0058B53C /* FriendsName.swift in Sources */ = {isa = PBXBuildFile; fileRef = 437394C02803AEDB0058B53C /* FriendsName.swift */; };
		437394C62803AEDB0058B53C /* FriendsListPage.swift in Sources */ = {isa = PBXBuildFile; fileRef = 437394C12803AEDB0058B53C /* FriendsListPage.swift */; };
		437394C72803AEDB0058B53C /* FriendsSearchBar.swift in Sources */ = {isa = PBXBuildFile; fileRef = 437394C22803AEDB0058B53C /* FriendsSearchBar.swift */; };
		437394C82803AEDB0058B53C /* FriendsProfile.swift in Sources */ = {isa = PBXBuildFile; fileRef = 437394C32803AEDB0058B53C /* FriendsProfile.swift */; };
		437394C92803AEDB0058B53C /* FriendsList.swift in Sources */ = {isa = PBXBuildFile; fileRef = 437394C42803AEDB0058B53C /* FriendsList.swift */; };
		4A68F45227FBF3470015639B /* Tanny.swift in Sources */ = {isa = PBXBuildFile; fileRef = 4A68F45127FBF3470015639B /* Tanny.swift */; };
		4A68F45427FBF34E0015639B /* Dinner.swift in Sources */ = {isa = PBXBuildFile; fileRef = 4A68F45327FBF34E0015639B /* Dinner.swift */; };
		4A68F45627FBF35F0015639B /* Key.swift in Sources */ = {isa = PBXBuildFile; fileRef = 4A68F45527FBF35F0015639B /* Key.swift */; };
		4A68F45827FBF3640015639B /* Jerry.swift in Sources */ = {isa = PBXBuildFile; fileRef = 4A68F45727FBF3640015639B /* Jerry.swift */; };
		4A68F45A27FBF3680015639B /* Lizzy.swift in Sources */ = {isa = PBXBuildFile; fileRef = 4A68F45927FBF3680015639B /* Lizzy.swift */; };
		4A68F45C27FBF36E0015639B /* Eddy.swift in Sources */ = {isa = PBXBuildFile; fileRef = 4A68F45B27FBF36E0015639B /* Eddy.swift */; };
		4A876DF527FBEBB6000DBE68 /* Assets.xcassets in Resources */ = {isa = PBXBuildFile; fileRef = 4A876DF427FBEBB6000DBE68 /* Assets.xcassets */; };
		4A876DF827FBEBB6000DBE68 /* Preview Assets.xcassets in Resources */ = {isa = PBXBuildFile; fileRef = 4A876DF727FBEBB6000DBE68 /* Preview Assets.xcassets */; };
/* End PBXBuildFile section */

/* Begin PBXFileReference section */
		433AC1E927FE745100C617E7 /* StoryContentPreview.swift */ = {isa = PBXFileReference; fileEncoding = 4; lastKnownFileType = sourcecode.swift; path = StoryContentPreview.swift; sourceTree = "<group>"; };
		433AC1EA27FE745100C617E7 /* Profile.swift */ = {isa = PBXFileReference; fileEncoding = 4; lastKnownFileType = sourcecode.swift; path = Profile.swift; sourceTree = "<group>"; };
		433AC1EB27FE745100C617E7 /* StoryPreview.swift */ = {isa = PBXFileReference; fileEncoding = 4; lastKnownFileType = sourcecode.swift; path = StoryPreview.swift; sourceTree = "<group>"; };
		433AC1EC27FE745100C617E7 /* Feed.swift */ = {isa = PBXFileReference; fileEncoding = 4; lastKnownFileType = sourcecode.swift; path = Feed.swift; sourceTree = "<group>"; };
		433AC1ED27FE745100C617E7 /* Separator.swift */ = {isa = PBXFileReference; fileEncoding = 4; lastKnownFileType = sourcecode.swift; path = Separator.swift; sourceTree = "<group>"; };
		433AC1F427FE746800C617E7 /* Header.swift */ = {isa = PBXFileReference; fileEncoding = 4; lastKnownFileType = sourcecode.swift; path = Header.swift; sourceTree = "<group>"; };
		433AC1F527FE746800C617E7 /* Tab.swift */ = {isa = PBXFileReference; fileEncoding = 4; lastKnownFileType = sourcecode.swift; path = Tab.swift; sourceTree = "<group>"; };
		433AC1F627FE746800C617E7 /* Mypage.swift */ = {isa = PBXFileReference; fileEncoding = 4; lastKnownFileType = sourcecode.swift; path = Mypage.swift; sourceTree = "<group>"; };
		433AC1F727FE746800C617E7 /* ContentView.swift */ = {isa = PBXFileReference; fileEncoding = 4; lastKnownFileType = sourcecode.swift; path = ContentView.swift; sourceTree = "<group>"; };
		433AC1F827FE746800C617E7 /* SoomshimUIApp.swift */ = {isa = PBXFileReference; fileEncoding = 4; lastKnownFileType = sourcecode.swift; path = SoomshimUIApp.swift; sourceTree = "<group>"; };
		433AC20227FE74A700C617E7 /* Color.swift */ = {isa = PBXFileReference; fileEncoding = 4; lastKnownFileType = sourcecode.swift; path = Color.swift; sourceTree = "<group>"; };
		437394BD2803AEB00058B53C /* FriendsListView.swift */ = {isa = PBXFileReference; fileEncoding = 4; lastKnownFileType = sourcecode.swift; path = FriendsListView.swift; sourceTree = "<group>"; };
		437394C02803AEDB0058B53C /* FriendsName.swift */ = {isa = PBXFileReference; fileEncoding = 4; lastKnownFileType = sourcecode.swift; path = FriendsName.swift; sourceTree = "<group>"; };
		437394C12803AEDB0058B53C /* FriendsListPage.swift */ = {isa = PBXFileReference; fileEncoding = 4; lastKnownFileType = sourcecode.swift; path = FriendsListPage.swift; sourceTree = "<group>"; };
		437394C22803AEDB0058B53C /* FriendsSearchBar.swift */ = {isa = PBXFileReference; fileEncoding = 4; lastKnownFileType = sourcecode.swift; path = FriendsSearchBar.swift; sourceTree = "<group>"; };
		437394C32803AEDB0058B53C /* FriendsProfile.swift */ = {isa = PBXFileReference; fileEncoding = 4; lastKnownFileType = sourcecode.swift; path = FriendsProfile.swift; sourceTree = "<group>"; };
		437394C42803AEDB0058B53C /* FriendsList.swift */ = {isa = PBXFileReference; fileEncoding = 4; lastKnownFileType = sourcecode.swift; path = FriendsList.swift; sourceTree = "<group>"; };
		4A68F45127FBF3470015639B /* Tanny.swift */ = {isa = PBXFileReference; lastKnownFileType = sourcecode.swift; path = Tanny.swift; sourceTree = "<group>"; };
		4A68F45327FBF34E0015639B /* Dinner.swift */ = {isa = PBXFileReference; lastKnownFileType = sourcecode.swift; path = Dinner.swift; sourceTree = "<group>"; };
		4A68F45527FBF35F0015639B /* Key.swift */ = {isa = PBXFileReference; lastKnownFileType = sourcecode.swift; path = Key.swift; sourceTree = "<group>"; };
		4A68F45727FBF3640015639B /* Jerry.swift */ = {isa = PBXFileReference; lastKnownFileType = sourcecode.swift; path = Jerry.swift; sourceTree = "<group>"; };
		4A68F45927FBF3680015639B /* Lizzy.swift */ = {isa = PBXFileReference; lastKnownFileType = sourcecode.swift; path = Lizzy.swift; sourceTree = "<group>"; };
		4A68F45B27FBF36E0015639B /* Eddy.swift */ = {isa = PBXFileReference; lastKnownFileType = sourcecode.swift; path = Eddy.swift; sourceTree = "<group>"; };
		4A876DED27FBEBB5000DBE68 /* Soomswim.app */ = {isa = PBXFileReference; explicitFileType = wrapper.application; includeInIndex = 0; path = Soomswim.app; sourceTree = BUILT_PRODUCTS_DIR; };
		4A876DF427FBEBB6000DBE68 /* Assets.xcassets */ = {isa = PBXFileReference; lastKnownFileType = folder.assetcatalog; path = Assets.xcassets; sourceTree = "<group>"; };
		4A876DF727FBEBB6000DBE68 /* Preview Assets.xcassets */ = {isa = PBXFileReference; lastKnownFileType = folder.assetcatalog; path = "Preview Assets.xcassets"; sourceTree = "<group>"; };
/* End PBXFileReference section */

/* Begin PBXFrameworksBuildPhase section */
		4A876DEA27FBEBB5000DBE68 /* Frameworks */ = {
			isa = PBXFrameworksBuildPhase;
			buildActionMask = 2147483647;
			files = (
			);
			runOnlyForDeploymentPostprocessing = 0;
		};
/* End PBXFrameworksBuildPhase section */

/* Begin PBXGroup section */
		433AC1E827FE745100C617E7 /* Feed */ = {
			isa = PBXGroup;
			children = (
				433AC1E927FE745100C617E7 /* StoryContentPreview.swift */,
				433AC1EA27FE745100C617E7 /* Profile.swift */,
				433AC1EB27FE745100C617E7 /* StoryPreview.swift */,
				433AC1EC27FE745100C617E7 /* Feed.swift */,
				433AC1ED27FE745100C617E7 /* Separator.swift */,
			);
			path = Feed;
			sourceTree = "<group>";
		};
		433AC1F327FE746800C617E7 /* Global */ = {
			isa = PBXGroup;
			children = (
				433AC1F427FE746800C617E7 /* Header.swift */,
				433AC1F527FE746800C617E7 /* Tab.swift */,
				433AC1F627FE746800C617E7 /* Mypage.swift */,
				433AC1F727FE746800C617E7 /* ContentView.swift */,
				437394BD2803AEB00058B53C /* FriendsListView.swift */,
				433AC1F827FE746800C617E7 /* SoomshimUIApp.swift */,
			);
			path = Global;
			sourceTree = "<group>";
		};
		433AC20127FE74A700C617E7 /* Extensions */ = {
			isa = PBXGroup;
			children = (
				433AC20227FE74A700C617E7 /* Color.swift */,
			);
			path = Extensions;
			sourceTree = "<group>";
		};
		437394BF2803AEC40058B53C /* FriendsList */ = {
			isa = PBXGroup;
			children = (
				437394C42803AEDB0058B53C /* FriendsList.swift */,
				437394C12803AEDB0058B53C /* FriendsListPage.swift */,
				437394C02803AEDB0058B53C /* FriendsName.swift */,
				437394C32803AEDB0058B53C /* FriendsProfile.swift */,
				437394C22803AEDB0058B53C /* FriendsSearchBar.swift */,
			);
			path = FriendsList;
			sourceTree = "<group>";
		};
		4A68F44B27FBF31B0015639B /* Eddy */ = {
			isa = PBXGroup;
			children = (
				4A68F45B27FBF36E0015639B /* Eddy.swift */,
			);
			path = Eddy;
			sourceTree = "<group>";
		};
		4A68F44C27FBF3210015639B /* Lizzy */ = {
			isa = PBXGroup;
			children = (
				4A68F45927FBF3680015639B /* Lizzy.swift */,
			);
			path = Lizzy;
			sourceTree = "<group>";
		};
		4A68F44D27FBF3250015639B /* Jerry */ = {
			isa = PBXGroup;
			children = (
				4A68F45727FBF3640015639B /* Jerry.swift */,
			);
			path = Jerry;
			sourceTree = "<group>";
		};
		4A68F44E27FBF32C0015639B /* Key */ = {
			isa = PBXGroup;
			children = (
				4A68F45527FBF35F0015639B /* Key.swift */,
			);
			path = Key;
			sourceTree = "<group>";
		};
		4A68F44F27FBF3340015639B /* Dinner */ = {
			isa = PBXGroup;
			children = (
				437394BF2803AEC40058B53C /* FriendsList */,
				433AC20127FE74A700C617E7 /* Extensions */,
				433AC1F327FE746800C617E7 /* Global */,
				433AC1E827FE745100C617E7 /* Feed */,
				4A68F45327FBF34E0015639B /* Dinner.swift */,
			);
			path = Dinner;
			sourceTree = "<group>";
		};
		4A68F45027FBF3390015639B /* Tanny */ = {
			isa = PBXGroup;
			children = (
				4A68F45127FBF3470015639B /* Tanny.swift */,
			);
			path = Tanny;
			sourceTree = "<group>";
		};
		4A876DE427FBEBB5000DBE68 = {
			isa = PBXGroup;
			children = (
				4A876DEF27FBEBB5000DBE68 /* Soomswim */,
				4A876DEE27FBEBB5000DBE68 /* Products */,
			);
			sourceTree = "<group>";
		};
		4A876DEE27FBEBB5000DBE68 /* Products */ = {
			isa = PBXGroup;
			children = (
				4A876DED27FBEBB5000DBE68 /* Soomswim.app */,
			);
			name = Products;
			sourceTree = "<group>";
		};
		4A876DEF27FBEBB5000DBE68 /* Soomswim */ = {
			isa = PBXGroup;
			children = (
				4A68F45027FBF3390015639B /* Tanny */,
				4A68F44F27FBF3340015639B /* Dinner */,
				4A68F44E27FBF32C0015639B /* Key */,
				4A68F44D27FBF3250015639B /* Jerry */,
				4A68F44C27FBF3210015639B /* Lizzy */,
				4A68F44B27FBF31B0015639B /* Eddy */,
				4A876DF427FBEBB6000DBE68 /* Assets.xcassets */,
				4A876DF627FBEBB6000DBE68 /* Preview Content */,
			);
			path = Soomswim;
			sourceTree = "<group>";
		};
		4A876DF627FBEBB6000DBE68 /* Preview Content */ = {
			isa = PBXGroup;
			children = (
				4A876DF727FBEBB6000DBE68 /* Preview Assets.xcassets */,
			);
			path = "Preview Content";
			sourceTree = "<group>";
		};
/* End PBXGroup section */

/* Begin PBXNativeTarget section */
		4A876DEC27FBEBB5000DBE68 /* Soomswim */ = {
			isa = PBXNativeTarget;
			buildConfigurationList = 4A876DFB27FBEBB6000DBE68 /* Build configuration list for PBXNativeTarget "Soomswim" */;
			buildPhases = (
				4A876DE927FBEBB5000DBE68 /* Sources */,
				4A876DEA27FBEBB5000DBE68 /* Frameworks */,
				4A876DEB27FBEBB5000DBE68 /* Resources */,
			);
			buildRules = (
			);
			dependencies = (
			);
			name = Soomswim;
			productName = Soomswim;
			productReference = 4A876DED27FBEBB5000DBE68 /* Soomswim.app */;
			productType = "com.apple.product-type.application";
		};
/* End PBXNativeTarget section */

/* Begin PBXProject section */
		4A876DE527FBEBB5000DBE68 /* Project object */ = {
			isa = PBXProject;
			attributes = {
				BuildIndependentTargetsInParallel = 1;
				LastSwiftUpdateCheck = 1330;
				LastUpgradeCheck = 1330;
				TargetAttributes = {
					4A876DEC27FBEBB5000DBE68 = {
						CreatedOnToolsVersion = 13.3;
					};
				};
			};
			buildConfigurationList = 4A876DE827FBEBB5000DBE68 /* Build configuration list for PBXProject "Soomswim" */;
			compatibilityVersion = "Xcode 13.0";
			developmentRegion = en;
			hasScannedForEncodings = 0;
			knownRegions = (
				en,
				Base,
			);
			mainGroup = 4A876DE427FBEBB5000DBE68;
			productRefGroup = 4A876DEE27FBEBB5000DBE68 /* Products */;
			projectDirPath = "";
			projectRoot = "";
			targets = (
				4A876DEC27FBEBB5000DBE68 /* Soomswim */,
			);
		};
/* End PBXProject section */

/* Begin PBXResourcesBuildPhase section */
		4A876DEB27FBEBB5000DBE68 /* Resources */ = {
			isa = PBXResourcesBuildPhase;
			buildActionMask = 2147483647;
			files = (
				4A876DF827FBEBB6000DBE68 /* Preview Assets.xcassets in Resources */,
				4A876DF527FBEBB6000DBE68 /* Assets.xcassets in Resources */,
			);
			runOnlyForDeploymentPostprocessing = 0;
		};
/* End PBXResourcesBuildPhase section */

/* Begin PBXSourcesBuildPhase section */
		4A876DE927FBEBB5000DBE68 /* Sources */ = {
			isa = PBXSourcesBuildPhase;
			buildActionMask = 2147483647;
			files = (
				433AC1F127FE745100C617E7 /* Feed.swift in Sources */,
				433AC1EF27FE745100C617E7 /* Profile.swift in Sources */,
				4A68F45627FBF35F0015639B /* Key.swift in Sources */,
				437394C82803AEDB0058B53C /* FriendsProfile.swift in Sources */,
				4A68F45827FBF3640015639B /* Jerry.swift in Sources */,
				437394C62803AEDB0058B53C /* FriendsListPage.swift in Sources */,
				4A68F45C27FBF36E0015639B /* Eddy.swift in Sources */,
				4A68F45A27FBF3680015639B /* Lizzy.swift in Sources */,
				437394C92803AEDB0058B53C /* FriendsList.swift in Sources */,
				433AC1FC27FE746800C617E7 /* ContentView.swift in Sources */,
				437394C52803AEDB0058B53C /* FriendsName.swift in Sources */,
				4A68F45227FBF3470015639B /* Tanny.swift in Sources */,
				433AC1F227FE745100C617E7 /* Separator.swift in Sources */,
				433AC20327FE74A700C617E7 /* Color.swift in Sources */,
				433AC1FB27FE746800C617E7 /* Mypage.swift in Sources */,
				433AC1F927FE746800C617E7 /* Header.swift in Sources */,
				433AC1EE27FE745100C617E7 /* StoryContentPreview.swift in Sources */,
				433AC1FA27FE746800C617E7 /* Tab.swift in Sources */,
				437394BE2803AEB00058B53C /* FriendsListView.swift in Sources */,
				4A68F45427FBF34E0015639B /* Dinner.swift in Sources */,
				433AC1FD27FE746800C617E7 /* SoomshimUIApp.swift in Sources */,
				433AC1F027FE745100C617E7 /* StoryPreview.swift in Sources */,
				437394C72803AEDB0058B53C /* FriendsSearchBar.swift in Sources */,
			);
			runOnlyForDeploymentPostprocessing = 0;
		};
/* End PBXSourcesBuildPhase section */

/* Begin XCBuildConfiguration section */
		4A876DF927FBEBB6000DBE68 /* Debug */ = {
			isa = XCBuildConfiguration;
			buildSettings = {
				ALWAYS_SEARCH_USER_PATHS = NO;
				CLANG_ANALYZER_NONNULL = YES;
				CLANG_ANALYZER_NUMBER_OBJECT_CONVERSION = YES_AGGRESSIVE;
				CLANG_CXX_LANGUAGE_STANDARD = "gnu++17";
				CLANG_ENABLE_MODULES = YES;
				CLANG_ENABLE_OBJC_ARC = YES;
				CLANG_ENABLE_OBJC_WEAK = YES;
				CLANG_WARN_BLOCK_CAPTURE_AUTORELEASING = YES;
				CLANG_WARN_BOOL_CONVERSION = YES;
				CLANG_WARN_COMMA = YES;
				CLANG_WARN_CONSTANT_CONVERSION = YES;
				CLANG_WARN_DEPRECATED_OBJC_IMPLEMENTATIONS = YES;
				CLANG_WARN_DIRECT_OBJC_ISA_USAGE = YES_ERROR;
				CLANG_WARN_DOCUMENTATION_COMMENTS = YES;
				CLANG_WARN_EMPTY_BODY = YES;
				CLANG_WARN_ENUM_CONVERSION = YES;
				CLANG_WARN_INFINITE_RECURSION = YES;
				CLANG_WARN_INT_CONVERSION = YES;
				CLANG_WARN_NON_LITERAL_NULL_CONVERSION = YES;
				CLANG_WARN_OBJC_IMPLICIT_RETAIN_SELF = YES;
				CLANG_WARN_OBJC_LITERAL_CONVERSION = YES;
				CLANG_WARN_OBJC_ROOT_CLASS = YES_ERROR;
				CLANG_WARN_QUOTED_INCLUDE_IN_FRAMEWORK_HEADER = YES;
				CLANG_WARN_RANGE_LOOP_ANALYSIS = YES;
				CLANG_WARN_STRICT_PROTOTYPES = YES;
				CLANG_WARN_SUSPICIOUS_MOVE = YES;
				CLANG_WARN_UNGUARDED_AVAILABILITY = YES_AGGRESSIVE;
				CLANG_WARN_UNREACHABLE_CODE = YES;
				CLANG_WARN__DUPLICATE_METHOD_MATCH = YES;
				COPY_PHASE_STRIP = NO;
				DEBUG_INFORMATION_FORMAT = dwarf;
				ENABLE_STRICT_OBJC_MSGSEND = YES;
				ENABLE_TESTABILITY = YES;
				GCC_C_LANGUAGE_STANDARD = gnu11;
				GCC_DYNAMIC_NO_PIC = NO;
				GCC_NO_COMMON_BLOCKS = YES;
				GCC_OPTIMIZATION_LEVEL = 0;
				GCC_PREPROCESSOR_DEFINITIONS = (
					"DEBUG=1",
					"$(inherited)",
				);
				GCC_WARN_64_TO_32_BIT_CONVERSION = YES;
				GCC_WARN_ABOUT_RETURN_TYPE = YES_ERROR;
				GCC_WARN_UNDECLARED_SELECTOR = YES;
				GCC_WARN_UNINITIALIZED_AUTOS = YES_AGGRESSIVE;
				GCC_WARN_UNUSED_FUNCTION = YES;
				GCC_WARN_UNUSED_VARIABLE = YES;
				IPHONEOS_DEPLOYMENT_TARGET = 15.4;
				MTL_ENABLE_DEBUG_INFO = INCLUDE_SOURCE;
				MTL_FAST_MATH = YES;
				ONLY_ACTIVE_ARCH = YES;
				SDKROOT = iphoneos;
				SWIFT_ACTIVE_COMPILATION_CONDITIONS = DEBUG;
				SWIFT_OPTIMIZATION_LEVEL = "-Onone";
			};
			name = Debug;
		};
		4A876DFA27FBEBB6000DBE68 /* Release */ = {
			isa = XCBuildConfiguration;
			buildSettings = {
				ALWAYS_SEARCH_USER_PATHS = NO;
				CLANG_ANALYZER_NONNULL = YES;
				CLANG_ANALYZER_NUMBER_OBJECT_CONVERSION = YES_AGGRESSIVE;
				CLANG_CXX_LANGUAGE_STANDARD = "gnu++17";
				CLANG_ENABLE_MODULES = YES;
				CLANG_ENABLE_OBJC_ARC = YES;
				CLANG_ENABLE_OBJC_WEAK = YES;
				CLANG_WARN_BLOCK_CAPTURE_AUTORELEASING = YES;
				CLANG_WARN_BOOL_CONVERSION = YES;
				CLANG_WARN_COMMA = YES;
				CLANG_WARN_CONSTANT_CONVERSION = YES;
				CLANG_WARN_DEPRECATED_OBJC_IMPLEMENTATIONS = YES;
				CLANG_WARN_DIRECT_OBJC_ISA_USAGE = YES_ERROR;
				CLANG_WARN_DOCUMENTATION_COMMENTS = YES;
				CLANG_WARN_EMPTY_BODY = YES;
				CLANG_WARN_ENUM_CONVERSION = YES;
				CLANG_WARN_INFINITE_RECURSION = YES;
				CLANG_WARN_INT_CONVERSION = YES;
				CLANG_WARN_NON_LITERAL_NULL_CONVERSION = YES;
				CLANG_WARN_OBJC_IMPLICIT_RETAIN_SELF = YES;
				CLANG_WARN_OBJC_LITERAL_CONVERSION = YES;
				CLANG_WARN_OBJC_ROOT_CLASS = YES_ERROR;
				CLANG_WARN_QUOTED_INCLUDE_IN_FRAMEWORK_HEADER = YES;
				CLANG_WARN_RANGE_LOOP_ANALYSIS = YES;
				CLANG_WARN_STRICT_PROTOTYPES = YES;
				CLANG_WARN_SUSPICIOUS_MOVE = YES;
				CLANG_WARN_UNGUARDED_AVAILABILITY = YES_AGGRESSIVE;
				CLANG_WARN_UNREACHABLE_CODE = YES;
				CLANG_WARN__DUPLICATE_METHOD_MATCH = YES;
				COPY_PHASE_STRIP = NO;
				DEBUG_INFORMATION_FORMAT = "dwarf-with-dsym";
				ENABLE_NS_ASSERTIONS = NO;
				ENABLE_STRICT_OBJC_MSGSEND = YES;
				GCC_C_LANGUAGE_STANDARD = gnu11;
				GCC_NO_COMMON_BLOCKS = YES;
				GCC_WARN_64_TO_32_BIT_CONVERSION = YES;
				GCC_WARN_ABOUT_RETURN_TYPE = YES_ERROR;
				GCC_WARN_UNDECLARED_SELECTOR = YES;
				GCC_WARN_UNINITIALIZED_AUTOS = YES_AGGRESSIVE;
				GCC_WARN_UNUSED_FUNCTION = YES;
				GCC_WARN_UNUSED_VARIABLE = YES;
				IPHONEOS_DEPLOYMENT_TARGET = 15.4;
				MTL_ENABLE_DEBUG_INFO = NO;
				MTL_FAST_MATH = YES;
				SDKROOT = iphoneos;
				SWIFT_COMPILATION_MODE = wholemodule;
				SWIFT_OPTIMIZATION_LEVEL = "-O";
				VALIDATE_PRODUCT = YES;
			};
			name = Release;
		};
		4A876DFC27FBEBB6000DBE68 /* Debug */ = {
			isa = XCBuildConfiguration;
			buildSettings = {
				ASSETCATALOG_COMPILER_APPICON_NAME = AppIcon;
				ASSETCATALOG_COMPILER_GLOBAL_ACCENT_COLOR_NAME = AccentColor;
				CODE_SIGN_STYLE = Automatic;
				CURRENT_PROJECT_VERSION = 1;
				DEVELOPMENT_ASSET_PATHS = "\"Soomswim/Preview Content\"";
				ENABLE_PREVIEWS = YES;
				GENERATE_INFOPLIST_FILE = YES;
				INFOPLIST_KEY_UIApplicationSceneManifest_Generation = YES;
				INFOPLIST_KEY_UIApplicationSupportsIndirectInputEvents = YES;
				INFOPLIST_KEY_UILaunchScreen_Generation = YES;
				INFOPLIST_KEY_UISupportedInterfaceOrientations_iPad = "UIInterfaceOrientationPortrait UIInterfaceOrientationPortraitUpsideDown UIInterfaceOrientationLandscapeLeft UIInterfaceOrientationLandscapeRight";
				INFOPLIST_KEY_UISupportedInterfaceOrientations_iPhone = "UIInterfaceOrientationPortrait UIInterfaceOrientationLandscapeLeft UIInterfaceOrientationLandscapeRight";
				LD_RUNPATH_SEARCH_PATHS = (
					"$(inherited)",
					"@executable_path/Frameworks",
				);
				MARKETING_VERSION = 1.0;
				PRODUCT_BUNDLE_IDENTIFIER = com.tmfrlrkvlek.Soomswim;
				PRODUCT_NAME = "$(TARGET_NAME)";
				SWIFT_EMIT_LOC_STRINGS = YES;
				SWIFT_VERSION = 5.0;
				TARGETED_DEVICE_FAMILY = "1,2";
			};
			name = Debug;
		};
		4A876DFD27FBEBB6000DBE68 /* Release */ = {
			isa = XCBuildConfiguration;
			buildSettings = {
				ASSETCATALOG_COMPILER_APPICON_NAME = AppIcon;
				ASSETCATALOG_COMPILER_GLOBAL_ACCENT_COLOR_NAME = AccentColor;
				CODE_SIGN_STYLE = Automatic;
				CURRENT_PROJECT_VERSION = 1;
				DEVELOPMENT_ASSET_PATHS = "\"Soomswim/Preview Content\"";
				ENABLE_PREVIEWS = YES;
				GENERATE_INFOPLIST_FILE = YES;
				INFOPLIST_KEY_UIApplicationSceneManifest_Generation = YES;
				INFOPLIST_KEY_UIApplicationSupportsIndirectInputEvents = YES;
				INFOPLIST_KEY_UILaunchScreen_Generation = YES;
				INFOPLIST_KEY_UISupportedInterfaceOrientations_iPad = "UIInterfaceOrientationPortrait UIInterfaceOrientationPortraitUpsideDown UIInterfaceOrientationLandscapeLeft UIInterfaceOrientationLandscapeRight";
				INFOPLIST_KEY_UISupportedInterfaceOrientations_iPhone = "UIInterfaceOrientationPortrait UIInterfaceOrientationLandscapeLeft UIInterfaceOrientationLandscapeRight";
				LD_RUNPATH_SEARCH_PATHS = (
					"$(inherited)",
					"@executable_path/Frameworks",
				);
				MARKETING_VERSION = 1.0;
				PRODUCT_BUNDLE_IDENTIFIER = com.tmfrlrkvlek.Soomswim;
				PRODUCT_NAME = "$(TARGET_NAME)";
				SWIFT_EMIT_LOC_STRINGS = YES;
				SWIFT_VERSION = 5.0;
				TARGETED_DEVICE_FAMILY = "1,2";
			};
			name = Release;
		};
/* End XCBuildConfiguration section */

/* Begin XCConfigurationList section */
		4A876DE827FBEBB5000DBE68 /* Build configuration list for PBXProject "Soomswim" */ = {
			isa = XCConfigurationList;
			buildConfigurations = (
				4A876DF927FBEBB6000DBE68 /* Debug */,
				4A876DFA27FBEBB6000DBE68 /* Release */,
			);
			defaultConfigurationIsVisible = 0;
			defaultConfigurationName = Release;
		};
		4A876DFB27FBEBB6000DBE68 /* Build configuration list for PBXNativeTarget "Soomswim" */ = {
			isa = XCConfigurationList;
			buildConfigurations = (
				4A876DFC27FBEBB6000DBE68 /* Debug */,
				4A876DFD27FBEBB6000DBE68 /* Release */,
			);
			defaultConfigurationIsVisible = 0;
			defaultConfigurationName = Release;
		};
/* End XCConfigurationList section */
	};
	rootObject = 4A876DE527FBEBB5000DBE68 /* Project object */;
}
